// !$*UTF8*$!
{
	archiveVersion = 1;
	classes = {
	};
	objectVersion = 46;
	objects = {

/* Begin PBXBuildFile section */
		3A8EA1FF1B6A1453002F80D0 /* main.m in Sources */ = {isa = PBXBuildFile; fileRef = 3A8EA1FE1B6A1453002F80D0 /* main.m */; };
		3A8EA2021B6A1453002F80D0 /* AppDelegate.m in Sources */ = {isa = PBXBuildFile; fileRef = 3A8EA2011B6A1453002F80D0 /* AppDelegate.m */; };
		3A8EA2041B6A1453002F80D0 /* Images.xcassets in Resources */ = {isa = PBXBuildFile; fileRef = 3A8EA2031B6A1453002F80D0 /* Images.xcassets */; };
		3A8EA2071B6A1453002F80D0 /* LaunchScreen.xib in Resources */ = {isa = PBXBuildFile; fileRef = 3A8EA2051B6A1453002F80D0 /* LaunchScreen.xib */; };
		3A8EA2131B6A1453002F80D0 /* AppdelegateTests.m in Sources */ = {isa = PBXBuildFile; fileRef = 3A8EA2121B6A1453002F80D0 /* AppdelegateTests.m */; };
		3A8EA21E1B6A146A002F80D0 /* RootViewController.m in Sources */ = {isa = PBXBuildFile; fileRef = 3A8EA21D1B6A146A002F80D0 /* RootViewController.m */; };
		3A8EA2211B6A1472002F80D0 /* NextViewController.m in Sources */ = {isa = PBXBuildFile; fileRef = 3A8EA2201B6A1472002F80D0 /* NextViewController.m */; };
/* End PBXBuildFile section */

/* Begin PBXContainerItemProxy section */
		3A8EA20D1B6A1453002F80D0 /* PBXContainerItemProxy */ = {
			isa = PBXContainerItemProxy;
			containerPortal = 3A8EA1F11B6A1453002F80D0 /* Project object */;
			proxyType = 1;
			remoteGlobalIDString = 3A8EA1F81B6A1453002F80D0;
			remoteInfo = Appdelegate;
		};
/* End PBXContainerItemProxy section */

/* Begin PBXFileReference section */
		3A8EA1F91B6A1453002F80D0 /* Appdelegate.app */ = {isa = PBXFileReference; explicitFileType = wrapper.application; includeInIndex = 0; path = Appdelegate.app; sourceTree = BUILT_PRODUCTS_DIR; };
		3A8EA1FD1B6A1453002F80D0 /* Info.plist */ = {isa = PBXFileReference; lastKnownFileType = text.plist.xml; path = Info.plist; sourceTree = "<group>"; };
		3A8EA1FE1B6A1453002F80D0 /* main.m */ = {isa = PBXFileReference; lastKnownFileType = sourcecode.c.objc; path = main.m; sourceTree = "<group>"; };
		3A8EA2001B6A1453002F80D0 /* AppDelegate.h */ = {isa = PBXFileReference; lastKnownFileType = sourcecode.c.h; path = AppDelegate.h; sourceTree = "<group>"; };
		3A8EA2011B6A1453002F80D0 /* AppDelegate.m */ = {isa = PBXFileReference; lastKnownFileType = sourcecode.c.objc; path = AppDelegate.m; sourceTree = "<group>"; };
		3A8EA2031B6A1453002F80D0 /* Images.xcassets */ = {isa = PBXFileReference; lastKnownFileType = folder.assetcatalog; path = Images.xcassets; sourceTree = "<group>"; };
		3A8EA2061B6A1453002F80D0 /* Base */ = {isa = PBXFileReference; lastKnownFileType = file.xib; name = Base; path = Base.lproj/LaunchScreen.xib; sourceTree = "<group>"; };
		3A8EA20C1B6A1453002F80D0 /* AppdelegateTests.xctest */ = {isa = PBXFileReference; explicitFileType = wrapper.cfbundle; includeInIndex = 0; path = AppdelegateTests.xctest; sourceTree = BUILT_PRODUCTS_DIR; };
		3A8EA2111B6A1453002F80D0 /* Info.plist */ = {isa = PBXFileReference; lastKnownFileType = text.plist.xml; path = Info.plist; sourceTree = "<group>"; };
		3A8EA2121B6A1453002F80D0 /* AppdelegateTests.m */ = {isa = PBXFileReference; lastKnownFileType = sourcecode.c.objc; path = AppdelegateTests.m; sourceTree = "<group>"; };
		3A8EA21C1B6A146A002F80D0 /* RootViewController.h */ = {isa = PBXFileReference; fileEncoding = 4; lastKnownFileType = sourcecode.c.h; path = RootViewController.h; sourceTree = "<group>"; };
		3A8EA21D1B6A146A002F80D0 /* RootViewController.m */ = {isa = PBXFileReference; fileEncoding = 4; lastKnownFileType = sourcecode.c.objc; path = RootViewController.m; sourceTree = "<group>"; };
		3A8EA21F1B6A1472002F80D0 /* NextViewController.h */ = {isa = PBXFileReference; fileEncoding = 4; lastKnownFileType = sourcecode.c.h; path = NextViewController.h; sourceTree = "<group>"; };
		3A8EA2201B6A1472002F80D0 /* NextViewController.m */ = {isa = PBXFileReference; fileEncoding = 4; lastKnownFileType = sourcecode.c.objc; path = NextViewController.m; sourceTree = "<group>"; };
/* End PBXFileReference section */

/* Begin PBXFrameworksBuildPhase section */
		3A8EA1F61B6A1453002F80D0 /* Frameworks */ = {
			isa = PBXFrameworksBuildPhase;
			buildActionMask = 2147483647;
			files = (
			);
			runOnlyForDeploymentPostprocessing = 0;
		};
		3A8EA2091B6A1453002F80D0 /* Frameworks */ = {
			isa = PBXFrameworksBuildPhase;
			buildActionMask = 2147483647;
			files = (
			);
			runOnlyForDeploymentPostprocessing = 0;
		};
/* End PBXFrameworksBuildPhase section */

/* Begin PBXGroup section */
		3A8EA1F01B6A1453002F80D0 = {
			isa = PBXGroup;
			children = (
				3A8EA1FB1B6A1453002F80D0 /* Appdelegate */,
				3A8EA20F1B6A1453002F80D0 /* AppdelegateTests */,
				3A8EA1FA1B6A1453002F80D0 /* Products */,
			);
			sourceTree = "<group>";
		};
		3A8EA1FA1B6A1453002F80D0 /* Products */ = {
			isa = PBXGroup;
			children = (
				3A8EA1F91B6A1453002F80D0 /* Appdelegate.app */,
				3A8EA20C1B6A1453002F80D0 /* AppdelegateTests.xctest */,
			);
			name = Products;
			sourceTree = "<group>";
		};
		3A8EA1FB1B6A1453002F80D0 /* Appdelegate */ = {
			isa = PBXGroup;
			children = (
				3A8EA2001B6A1453002F80D0 /* AppDelegate.h */,
				3A8EA2011B6A1453002F80D0 /* AppDelegate.m */,
				3A8EA21C1B6A146A002F80D0 /* RootViewController.h */,
				3A8EA21D1B6A146A002F80D0 /* RootViewController.m */,
				3A8EA21F1B6A1472002F80D0 /* NextViewController.h */,
				3A8EA2201B6A1472002F80D0 /* NextViewController.m */,
				3A8EA2031B6A1453002F80D0 /* Images.xcassets */,
				3A8EA2051B6A1453002F80D0 /* LaunchScreen.xib */,
				3A8EA1FC1B6A1453002F80D0 /* Supporting Files */,
			);
			path = Appdelegate;
			sourceTree = "<group>";
		};
		3A8EA1FC1B6A1453002F80D0 /* Supporting Files */ = {
			isa = PBXGroup;
			children = (
				3A8EA1FD1B6A1453002F80D0 /* Info.plist */,
				3A8EA1FE1B6A1453002F80D0 /* main.m */,
			);
			name = "Supporting Files";
			sourceTree = "<group>";
		};
		3A8EA20F1B6A1453002F80D0 /* AppdelegateTests */ = {
			isa = PBXGroup;
			children = (
				3A8EA2121B6A1453002F80D0 /* AppdelegateTests.m */,
				3A8EA2101B6A1453002F80D0 /* Supporting Files */,
			);
			path = AppdelegateTests;
			sourceTree = "<group>";
		};
		3A8EA2101B6A1453002F80D0 /* Supporting Files */ = {
			isa = PBXGroup;
			children = (
				3A8EA2111B6A1453002F80D0 /* Info.plist */,
			);
			name = "Supporting Files";
			sourceTree = "<group>";
		};
/* End PBXGroup section */

/* Begin PBXNativeTarget section */
		3A8EA1F81B6A1453002F80D0 /* Appdelegate */ = {
			isa = PBXNativeTarget;
			buildConfigurationList = 3A8EA2161B6A1453002F80D0 /* Build configuration list for PBXNativeTarget "Appdelegate" */;
			buildPhases = (
				3A8EA1F51B6A1453002F80D0 /* Sources */,
				3A8EA1F61B6A1453002F80D0 /* Frameworks */,
				3A8EA1F71B6A1453002F80D0 /* Resources */,
			);
			buildRules = (
			);
			dependencies = (
			);
			name = Appdelegate;
			productName = Appdelegate;
			productReference = 3A8EA1F91B6A1453002F80D0 /* Appdelegate.app */;
			productType = "com.apple.product-type.application";
		};
		3A8EA20B1B6A1453002F80D0 /* AppdelegateTests */ = {
			isa = PBXNativeTarget;
			buildConfigurationList = 3A8EA2191B6A1453002F80D0 /* Build configuration list for PBXNativeTarget "AppdelegateTests" */;
			buildPhases = (
				3A8EA2081B6A1453002F80D0 /* Sources */,
				3A8EA2091B6A1453002F80D0 /* Frameworks */,
				3A8EA20A1B6A1453002F80D0 /* Resources */,
			);
			buildRules = (
			);
			dependencies = (
				3A8EA20E1B6A1453002F80D0 /* PBXTargetDependency */,
			);
			name = AppdelegateTests;
			productName = AppdelegateTests;
			productReference = 3A8EA20C1B6A1453002F80D0 /* AppdelegateTests.xctest */;
			productType = "com.apple.product-type.bundle.unit-test";
		};
/* End PBXNativeTarget section */

/* Begin PBXProject section */
		3A8EA1F11B6A1453002F80D0 /* Project object */ = {
			isa = PBXProject;
			attributes = {
				LastUpgradeCheck = 0640;
				ORGANIZATIONNAME = CaoFeng;
				TargetAttributes = {
					3A8EA1F81B6A1453002F80D0 = {
						CreatedOnToolsVersion = 6.4;
					};
					3A8EA20B1B6A1453002F80D0 = {
						CreatedOnToolsVersion = 6.4;
						TestTargetID = 3A8EA1F81B6A1453002F80D0;
					};
				};
			};
			buildConfigurationList = 3A8EA1F41B6A1453002F80D0 /* Build configuration list for PBXProject "Appdelegate" */;
			compatibilityVersion = "Xcode 3.2";
			developmentRegion = English;
			hasScannedForEncodings = 0;
			knownRegions = (
				en,
				Base,
			);
			mainGroup = 3A8EA1F01B6A1453002F80D0;
			productRefGroup = 3A8EA1FA1B6A1453002F80D0 /* Products */;
			projectDirPath = "";
			projectRoot = "";
			targets = (
				3A8EA1F81B6A1453002F80D0 /* Appdelegate */,
				3A8EA20B1B6A1453002F80D0 /* AppdelegateTests */,
			);
		};
/* End PBXProject section */

/* Begin PBXResourcesBuildPhase section */
		3A8EA1F71B6A1453002F80D0 /* Resources */ = {
			isa = PBXResourcesBuildPhase;
			buildActionMask = 2147483647;
			files = (
				3A8EA2071B6A1453002F80D0 /* LaunchScreen.xib in Resources */,
				3A8EA2041B6A1453002F80D0 /* Images.xcassets in Resources */,
			);
			runOnlyForDeploymentPostprocessing = 0;
		};
		3A8EA20A1B6A1453002F80D0 /* Resources */ = {
			isa = PBXResourcesBuildPhase;
			buildActionMask = 2147483647;
			files = (
			);
			runOnlyForDeploymentPostprocessing = 0;
		};
/* End PBXResourcesBuildPhase section */

/* Begin PBXSourcesBuildPhase section */
		3A8EA1F51B6A1453002F80D0 /* Sources */ = {
			isa = PBXSourcesBuildPhase;
			buildActionMask = 2147483647;
			files = (
				3A8EA2021B6A1453002F80D0 /* AppDelegate.m in Sources */,
				3A8EA2211B6A1472002F80D0 /* NextViewController.m in Sources */,
				3A8EA1FF1B6A1453002F80D0 /* main.m in Sources */,
				3A8EA21E1B6A146A002F80D0 /* RootViewController.m in Sources */,
			);
			runOnlyForDeploymentPostprocessing = 0;
		};
		3A8EA2081B6A1453002F80D0 /* Sources */ = {
			isa = PBXSourcesBuildPhase;
			buildActionMask = 2147483647;
			files = (
				3A8EA2131B6A1453002F80D0 /* AppdelegateTests.m in Sources */,
			);
			runOnlyForDeploymentPostprocessing = 0;
		};
/* End PBXSourcesBuildPhase section */

/* Begin PBXTargetDependency section */
		3A8EA20E1B6A1453002F80D0 /* PBXTargetDependency */ = {
			isa = PBXTargetDependency;
			target = 3A8EA1F81B6A1453002F80D0 /* Appdelegate */;
			targetProxy = 3A8EA20D1B6A1453002F80D0 /* PBXContainerItemProxy */;
		};
/* End PBXTargetDependency section */

/* Begin PBXVariantGroup section */
		3A8EA2051B6A1453002F80D0 /* LaunchScreen.xib */ = {
			isa = PBXVariantGroup;
			children = (
				3A8EA2061B6A1453002F80D0 /* Base */,
			);
			name = LaunchScreen.xib;
			sourceTree = "<group>";
		};
/* End PBXVariantGroup section */

/* Begin XCBuildConfiguration section */
		3A8EA2141B6A1453002F80D0 /* Debug */ = {
			isa = XCBuildConfiguration;
			buildSettings = {
				ALWAYS_SEARCH_USER_PATHS = NO;
				CLANG_CXX_LANGUAGE_STANDARD = "gnu++0x";
				CLANG_CXX_LIBRARY = "libc++";
				CLANG_ENABLE_MODULES = YES;
				CLANG_ENABLE_OBJC_ARC = YES;
				CLANG_WARN_BOOL_CONVERSION = YES;
				CLANG_WARN_CONSTANT_CONVERSION = YES;
				CLANG_WARN_DIRECT_OBJC_ISA_USAGE = YES_ERROR;
				CLANG_WARN_EMPTY_BODY = YES;
				CLANG_WARN_ENUM_CONVERSION = YES;
				CLANG_WARN_INT_CONVERSION = YES;
				CLANG_WARN_OBJC_ROOT_CLASS = YES_ERROR;
				CLANG_WARN_UNREACHABLE_CODE = YES;
				CLANG_WARN__DUPLICATE_METHOD_MATCH = YES;
				"CODE_SIGN_IDENTITY[sdk=iphoneos*]" = "iPhone Developer";
				COPY_PHASE_STRIP = NO;
				DEBUG_INFORMATION_FORMAT = "dwarf-with-dsym";
				ENABLE_STRICT_OBJC_MSGSEND = YES;
				GCC_C_LANGUAGE_STANDARD = gnu99;
				GCC_DYNAMIC_NO_PIC = NO;
				GCC_NO_COMMON_BLOCKS = YES;
				GCC_OPTIMIZATION_LEVEL = 0;
				GCC_PREPROCESSOR_DEFINITIONS = (
					"DEBUG=1",
					"$(inherited)",
				);
				GCC_SYMBOLS_PRIVATE_EXTERN = NO;
				GCC_WARN_64_TO_32_BIT_CONVERSION = YES;
				GCC_WARN_ABOUT_RETURN_TYPE = YES_ERROR;
				GCC_WARN_UNDECLARED_SELECTOR = YES;
				GCC_WARN_UNINITIALIZED_AUTOS = YES_AGGRESSIVE;
				GCC_WARN_UNUSED_FUNCTION = YES;
				GCC_WARN_UNUSED_VARIABLE = YES;
				IPHONEOS_DEPLOYMENT_TARGET = 8.4;
				MTL_ENABLE_DEBUG_INFO = YES;
				ONLY_ACTIVE_ARCH = YES;
				SDKROOT = iphoneos;
			};
			name = Debug;
		};
		3A8EA2151B6A1453002F80D0 /* Release */ = {
			isa = XCBuildConfiguration;
			buildSettings = {
				ALWAYS_SEARCH_USER_PATHS = NO;
				CLANG_CXX_LANGUAGE_STANDARD = "gnu++0x";
				CLANG_CXX_LIBRARY = "libc++";
				CLANG_ENABLE_MODULES = YES;
				CLANG_ENABLE_OBJC_ARC = YES;
				CLANG_WARN_BOOL_CONVERSION = YES;
				CLANG_WARN_CONSTANT_CONVERSION = YES;
				CLANG_WARN_DIRECT_OBJC_ISA_USAGE = YES_ERROR;
				CLANG_WARN_EMPTY_BODY = YES;
				CLANG_WARN_ENUM_CONVERSION = YES;
				CLANG_WARN_INT_CONVERSION = YES;
				CLANG_WARN_OBJC_ROOT_CLASS = YES_ERROR;
				CLANG_WARN_UNREACHABLE_CODE = YES;
				CLANG_WARN__DUPLICATE_METHOD_MATCH = YES;
				"CODE_SIGN_IDENTITY[sdk=iphoneos*]" = "iPhone Developer";
				COPY_PHASE_STRIP = NO;
				DEBUG_INFORMATION_FORMAT = "dwarf-with-dsym";
				ENABLE_NS_ASSERTIONS = NO;
				ENABLE_STRICT_OBJC_MSGSEND = YES;
				GCC_C_LANGUAGE_STANDARD = gnu99;
				GCC_NO_COMMON_BLOCKS = YES;
				GCC_WARN_64_TO_32_BIT_CONVERSION = YES;
				GCC_WARN_ABOUT_RETURN_TYPE = YES_ERROR;
				GCC_WARN_UNDECLARED_SELECTOR = YES;
				GCC_WARN_UNINITIALIZED_AUTOS = YES_AGGRESSIVE;
				GCC_WARN_UNUSED_FUNCTION = YES;
				GCC_WARN_UNUSED_VARIABLE = YES;
				IPHONEOS_DEPLOYMENT_TARGET = 8.4;
				MTL_ENABLE_DEBUG_INFO = NO;
				SDKROOT = iphoneos;
				VALIDATE_PRODUCT = YES;
			};
			name = Release;
		};
		3A8EA2171B6A1453002F80D0 /* Debug */ = {
			isa = XCBuildConfiguration;
			buildSettings = {
				ASSETCATALOG_COMPILER_APPICON_NAME = AppIcon;
				INFOPLIST_FILE = Appdelegate/Info.plist;
				LD_RUNPATH_SEARCH_PATHS = "$(inherited) @executable_path/Frameworks";
				PRODUCT_NAME = "$(TARGET_NAME)";
			};
			name = Debug;
		};
		3A8EA2181B6A1453002F80D0 /* Release */ = {
			isa = XCBuildConfiguration;
			buildSettings = {
				ASSETCATALOG_COMPILER_APPICON_NAME = AppIcon;
				INFOPLIST_FILE = Appdelegate/Info.plist;
				LD_RUNPATH_SEARCH_PATHS = "$(inherited) @executable_path/Frameworks";
				PRODUCT_NAME = "$(TARGET_NAME)";
			};
			name = Release;
		};
		3A8EA21A1B6A1453002F80D0 /* Debug */ = {
			isa = XCBuildConfiguration;
			buildSettings = {
				BUNDLE_LOADER = "$(TEST_HOST)";
				FRAMEWORK_SEARCH_PATHS = (
					"$(SDKROOT)/Developer/Library/Frameworks",
					"$(inherited)",
				);
				GCC_PREPROCESSOR_DEFINITIONS = (
					"DEBUG=1",
					"$(inherited)",
				);
				INFOPLIST_FILE = AppdelegateTests/Info.plist;
				LD_RUNPATH_SEARCH_PATHS = "$(inherited) @executable_path/Frameworks @loader_path/Frameworks";
				PRODUCT_NAME = "$(TARGET_NAME)";
				TEST_HOST = "$(BUILT_PRODUCTS_DIR)/Appdelegate.app/Appdelegate";
			};
			name = Debug;
		};
		3A8EA21B1B6A1453002F80D0 /* Release */ = {
			isa = XCBuildConfiguration;
			buildSettings = {
				BUNDLE_LOADER = "$(TEST_HOST)";
				FRAMEWORK_SEARCH_PATHS = (
					"$(SDKROOT)/Developer/Library/Frameworks",
					"$(inherited)",
				);
				INFOPLIST_FILE = AppdelegateTests/Info.plist;
				LD_RUNPATH_SEARCH_PATHS = "$(inherited) @executable_path/Frameworks @loader_path/Frameworks";
				PRODUCT_NAME = "$(TARGET_NAME)";
				TEST_HOST = "$(BUILT_PRODUCTS_DIR)/Appdelegate.app/Appdelegate";
			};
			name = Release;
		};
/* End XCBuildConfiguration section */

/* Begin XCConfigurationList section */
		3A8EA1F41B6A1453002F80D0 /* Build configuration list for PBXProject "Appdelegate" */ = {
			isa = XCConfigurationList;
			buildConfigurations = (
				3A8EA2141B6A1453002F80D0 /* Debug */,
				3A8EA2151B6A1453002F80D0 /* Release */,
			);
			defaultConfigurationIsVisible = 0;
			defaultConfigurationName = Release;
		};
		3A8EA2161B6A1453002F80D0 /* Build configuration list for PBXNativeTarget "Appdelegate" */ = {
			isa = XCConfigurationList;
			buildConfigurations = (
				3A8EA2171B6A1453002F80D0 /* Debug */,
				3A8EA2181B6A1453002F80D0 /* Release */,
			);
			defaultConfigurationIsVisible = 0;
		};
		3A8EA2191B6A1453002F80D0 /* Build configuration list for PBXNativeTarget "AppdelegateTests" */ = {
			isa = XCConfigurationList;
			buildConfigurations = (
				3A8EA21A1B6A1453002F80D0 /* Debug */,
				3A8EA21B1B6A1453002F80D0 /* Release */,
			);
			defaultConfigurationIsVisible = 0;
		};
/* End XCConfigurationList section */
	};
	rootObject = 3A8EA1F11B6A1453002F80D0 /* Project object */;
}
