// !$*UTF8*$!
{
	archiveVersion = 1;
	classes = {
	};
	objectVersion = 46;
	objects = {

/* Begin PBXBuildFile section */
		1ACCC8CB1B6A0C9B00AA9CDC /* main.m in Sources */ = {isa = PBXBuildFile; fileRef = 1ACCC8CA1B6A0C9B00AA9CDC /* main.m */; };
		1ACCC8CE1B6A0C9B00AA9CDC /* AppDelegate.m in Sources */ = {isa = PBXBuildFile; fileRef = 1ACCC8CD1B6A0C9B00AA9CDC /* AppDelegate.m */; };
		1ACCC8D01B6A0C9B00AA9CDC /* Images.xcassets in Resources */ = {isa = PBXBuildFile; fileRef = 1ACCC8CF1B6A0C9B00AA9CDC /* Images.xcassets */; };
		1ACCC8D31B6A0C9B00AA9CDC /* LaunchScreen.xib in Resources */ = {isa = PBXBuildFile; fileRef = 1ACCC8D11B6A0C9B00AA9CDC /* LaunchScreen.xib */; };
		1ACCC8DF1B6A0C9B00AA9CDC /* _________block_Tests.m in Sources */ = {isa = PBXBuildFile; fileRef = 1ACCC8DE1B6A0C9B00AA9CDC /* _________block_Tests.m */; };
		1ACCC8EA1B6A0CB200AA9CDC /* RootViewController.m in Sources */ = {isa = PBXBuildFile; fileRef = 1ACCC8E91B6A0CB200AA9CDC /* RootViewController.m */; };
		1ACCC8ED1B6A0CBB00AA9CDC /* NextViewController.m in Sources */ = {isa = PBXBuildFile; fileRef = 1ACCC8EC1B6A0CBB00AA9CDC /* NextViewController.m */; };
		3A8AF3EF1B737EB800C90EA3 /* Person.m in Sources */ = {isa = PBXBuildFile; fileRef = 3A8AF3EE1B737EB800C90EA3 /* Person.m */; };
/* End PBXBuildFile section */

/* Begin PBXContainerItemProxy section */
		1ACCC8D91B6A0C9B00AA9CDC /* PBXContainerItemProxy */ = {
			isa = PBXContainerItemProxy;
			containerPortal = 1ACCC8BD1B6A0C9B00AA9CDC /* Project object */;
			proxyType = 1;
			remoteGlobalIDString = 1ACCC8C41B6A0C9B00AA9CDC;
			remoteInfo = "6.视图反向传值(block)";
		};
/* End PBXContainerItemProxy section */

/* Begin PBXFileReference section */
		1ACCC8C51B6A0C9B00AA9CDC /* 6.视图反向传值(block).app */ = {isa = PBXFileReference; explicitFileType = wrapper.application; includeInIndex = 0; path = "6.视图反向传值(block).app"; sourceTree = BUILT_PRODUCTS_DIR; };
		1ACCC8C91B6A0C9B00AA9CDC /* Info.plist */ = {isa = PBXFileReference; lastKnownFileType = text.plist.xml; path = Info.plist; sourceTree = "<group>"; };
		1ACCC8CA1B6A0C9B00AA9CDC /* main.m */ = {isa = PBXFileReference; lastKnownFileType = sourcecode.c.objc; path = main.m; sourceTree = "<group>"; };
		1ACCC8CC1B6A0C9B00AA9CDC /* AppDelegate.h */ = {isa = PBXFileReference; lastKnownFileType = sourcecode.c.h; path = AppDelegate.h; sourceTree = "<group>"; };
		1ACCC8CD1B6A0C9B00AA9CDC /* AppDelegate.m */ = {isa = PBXFileReference; lastKnownFileType = sourcecode.c.objc; path = AppDelegate.m; sourceTree = "<group>"; };
		1ACCC8CF1B6A0C9B00AA9CDC /* Images.xcassets */ = {isa = PBXFileReference; lastKnownFileType = folder.assetcatalog; path = Images.xcassets; sourceTree = "<group>"; };
		1ACCC8D21B6A0C9B00AA9CDC /* Base */ = {isa = PBXFileReference; lastKnownFileType = file.xib; name = Base; path = Base.lproj/LaunchScreen.xib; sourceTree = "<group>"; };
		1ACCC8D81B6A0C9B00AA9CDC /* 6.视图反向传值(block)Tests.xctest */ = {isa = PBXFileReference; explicitFileType = wrapper.cfbundle; includeInIndex = 0; path = "6.视图反向传值(block)Tests.xctest"; sourceTree = BUILT_PRODUCTS_DIR; };
		1ACCC8DD1B6A0C9B00AA9CDC /* Info.plist */ = {isa = PBXFileReference; lastKnownFileType = text.plist.xml; path = Info.plist; sourceTree = "<group>"; };
		1ACCC8DE1B6A0C9B00AA9CDC /* _________block_Tests.m */ = {isa = PBXFileReference; lastKnownFileType = sourcecode.c.objc; path = "_________block_Tests.m"; sourceTree = "<group>"; };
		1ACCC8E81B6A0CB200AA9CDC /* RootViewController.h */ = {isa = PBXFileReference; fileEncoding = 4; lastKnownFileType = sourcecode.c.h; path = RootViewController.h; sourceTree = "<group>"; };
		1ACCC8E91B6A0CB200AA9CDC /* RootViewController.m */ = {isa = PBXFileReference; fileEncoding = 4; lastKnownFileType = sourcecode.c.objc; path = RootViewController.m; sourceTree = "<group>"; };
		1ACCC8EB1B6A0CBB00AA9CDC /* NextViewController.h */ = {isa = PBXFileReference; fileEncoding = 4; lastKnownFileType = sourcecode.c.h; path = NextViewController.h; sourceTree = "<group>"; };
		1ACCC8EC1B6A0CBB00AA9CDC /* NextViewController.m */ = {isa = PBXFileReference; fileEncoding = 4; lastKnownFileType = sourcecode.c.objc; path = NextViewController.m; sourceTree = "<group>"; };
		3A8AF3ED1B737EB800C90EA3 /* Person.h */ = {isa = PBXFileReference; fileEncoding = 4; lastKnownFileType = sourcecode.c.h; path = Person.h; sourceTree = "<group>"; };
		3A8AF3EE1B737EB800C90EA3 /* Person.m */ = {isa = PBXFileReference; fileEncoding = 4; lastKnownFileType = sourcecode.c.objc; path = Person.m; sourceTree = "<group>"; };
/* End PBXFileReference section */

/* Begin PBXFrameworksBuildPhase section */
		1ACCC8C21B6A0C9B00AA9CDC /* Frameworks */ = {
			isa = PBXFrameworksBuildPhase;
			buildActionMask = 2147483647;
			files = (
			);
			runOnlyForDeploymentPostprocessing = 0;
		};
		1ACCC8D51B6A0C9B00AA9CDC /* Frameworks */ = {
			isa = PBXFrameworksBuildPhase;
			buildActionMask = 2147483647;
			files = (
			);
			runOnlyForDeploymentPostprocessing = 0;
		};
/* End PBXFrameworksBuildPhase section */

/* Begin PBXGroup section */
		1ACCC8BC1B6A0C9B00AA9CDC = {
			isa = PBXGroup;
			children = (
				1ACCC8C71B6A0C9B00AA9CDC /* 6.视图反向传值(block) */,
				1ACCC8DB1B6A0C9B00AA9CDC /* 6.视图反向传值(block)Tests */,
				1ACCC8C61B6A0C9B00AA9CDC /* Products */,
			);
			sourceTree = "<group>";
		};
		1ACCC8C61B6A0C9B00AA9CDC /* Products */ = {
			isa = PBXGroup;
			children = (
				1ACCC8C51B6A0C9B00AA9CDC /* 6.视图反向传值(block).app */,
				1ACCC8D81B6A0C9B00AA9CDC /* 6.视图反向传值(block)Tests.xctest */,
			);
			name = Products;
			sourceTree = "<group>";
		};
		1ACCC8C71B6A0C9B00AA9CDC /* 6.视图反向传值(block) */ = {
			isa = PBXGroup;
			children = (
				1ACCC8CC1B6A0C9B00AA9CDC /* AppDelegate.h */,
				1ACCC8CD1B6A0C9B00AA9CDC /* AppDelegate.m */,
				1ACCC8E81B6A0CB200AA9CDC /* RootViewController.h */,
				1ACCC8E91B6A0CB200AA9CDC /* RootViewController.m */,
				1ACCC8EB1B6A0CBB00AA9CDC /* NextViewController.h */,
				1ACCC8EC1B6A0CBB00AA9CDC /* NextViewController.m */,
				3A8AF3ED1B737EB800C90EA3 /* Person.h */,
				3A8AF3EE1B737EB800C90EA3 /* Person.m */,
				1ACCC8CF1B6A0C9B00AA9CDC /* Images.xcassets */,
				1ACCC8D11B6A0C9B00AA9CDC /* LaunchScreen.xib */,
				1ACCC8C81B6A0C9B00AA9CDC /* Supporting Files */,
			);
			path = "6.视图反向传值(block)";
			sourceTree = "<group>";
		};
		1ACCC8C81B6A0C9B00AA9CDC /* Supporting Files */ = {
			isa = PBXGroup;
			children = (
				1ACCC8C91B6A0C9B00AA9CDC /* Info.plist */,
				1ACCC8CA1B6A0C9B00AA9CDC /* main.m */,
			);
			name = "Supporting Files";
			sourceTree = "<group>";
		};
		1ACCC8DB1B6A0C9B00AA9CDC /* 6.视图反向传值(block)Tests */ = {
			isa = PBXGroup;
			children = (
				1ACCC8DE1B6A0C9B00AA9CDC /* _________block_Tests.m */,
				1ACCC8DC1B6A0C9B00AA9CDC /* Supporting Files */,
			);
			path = "6.视图反向传值(block)Tests";
			sourceTree = "<group>";
		};
		1ACCC8DC1B6A0C9B00AA9CDC /* Supporting Files */ = {
			isa = PBXGroup;
			children = (
				1ACCC8DD1B6A0C9B00AA9CDC /* Info.plist */,
			);
			name = "Supporting Files";
			sourceTree = "<group>";
		};
/* End PBXGroup section */

/* Begin PBXNativeTarget section */
		1ACCC8C41B6A0C9B00AA9CDC /* 6.视图反向传值(block) */ = {
			isa = PBXNativeTarget;
			buildConfigurationList = 1ACCC8E21B6A0C9B00AA9CDC /* Build configuration list for PBXNativeTarget "6.视图反向传值(block)" */;
			buildPhases = (
				1ACCC8C11B6A0C9B00AA9CDC /* Sources */,
				1ACCC8C21B6A0C9B00AA9CDC /* Frameworks */,
				1ACCC8C31B6A0C9B00AA9CDC /* Resources */,
			);
			buildRules = (
			);
			dependencies = (
			);
			name = "6.视图反向传值(block)";
			productName = "6.视图反向传值(block)";
			productReference = 1ACCC8C51B6A0C9B00AA9CDC /* 6.视图反向传值(block).app */;
			productType = "com.apple.product-type.application";
		};
		1ACCC8D71B6A0C9B00AA9CDC /* 6.视图反向传值(block)Tests */ = {
			isa = PBXNativeTarget;
			buildConfigurationList = 1ACCC8E51B6A0C9B00AA9CDC /* Build configuration list for PBXNativeTarget "6.视图反向传值(block)Tests" */;
			buildPhases = (
				1ACCC8D41B6A0C9B00AA9CDC /* Sources */,
				1ACCC8D51B6A0C9B00AA9CDC /* Frameworks */,
				1ACCC8D61B6A0C9B00AA9CDC /* Resources */,
			);
			buildRules = (
			);
			dependencies = (
				1ACCC8DA1B6A0C9B00AA9CDC /* PBXTargetDependency */,
			);
			name = "6.视图反向传值(block)Tests";
			productName = "6.视图反向传值(block)Tests";
			productReference = 1ACCC8D81B6A0C9B00AA9CDC /* 6.视图反向传值(block)Tests.xctest */;
			productType = "com.apple.product-type.bundle.unit-test";
		};
/* End PBXNativeTarget section */

/* Begin PBXProject section */
		1ACCC8BD1B6A0C9B00AA9CDC /* Project object */ = {
			isa = PBXProject;
			attributes = {
				LastUpgradeCheck = 0640;
				ORGANIZATIONNAME = liuyuecheng;
				TargetAttributes = {
					1ACCC8C41B6A0C9B00AA9CDC = {
						CreatedOnToolsVersion = 6.4;
					};
					1ACCC8D71B6A0C9B00AA9CDC = {
						CreatedOnToolsVersion = 6.4;
						TestTargetID = 1ACCC8C41B6A0C9B00AA9CDC;
					};
				};
			};
			buildConfigurationList = 1ACCC8C01B6A0C9B00AA9CDC /* Build configuration list for PBXProject "6.视图反向传值(block)" */;
			compatibilityVersion = "Xcode 3.2";
			developmentRegion = English;
			hasScannedForEncodings = 0;
			knownRegions = (
				en,
				Base,
			);
			mainGroup = 1ACCC8BC1B6A0C9B00AA9CDC;
			productRefGroup = 1ACCC8C61B6A0C9B00AA9CDC /* Products */;
			projectDirPath = "";
			projectRoot = "";
			targets = (
				1ACCC8C41B6A0C9B00AA9CDC /* 6.视图反向传值(block) */,
				1ACCC8D71B6A0C9B00AA9CDC /* 6.视图反向传值(block)Tests */,
			);
		};
/* End PBXProject section */

/* Begin PBXResourcesBuildPhase section */
		1ACCC8C31B6A0C9B00AA9CDC /* Resources */ = {
			isa = PBXResourcesBuildPhase;
			buildActionMask = 2147483647;
			files = (
				1ACCC8D31B6A0C9B00AA9CDC /* LaunchScreen.xib in Resources */,
				1ACCC8D01B6A0C9B00AA9CDC /* Images.xcassets in Resources */,
			);
			runOnlyForDeploymentPostprocessing = 0;
		};
		1ACCC8D61B6A0C9B00AA9CDC /* Resources */ = {
			isa = PBXResourcesBuildPhase;
			buildActionMask = 2147483647;
			files = (
			);
			runOnlyForDeploymentPostprocessing = 0;
		};
/* End PBXResourcesBuildPhase section */

/* Begin PBXSourcesBuildPhase section */
		1ACCC8C11B6A0C9B00AA9CDC /* Sources */ = {
			isa = PBXSourcesBuildPhase;
			buildActionMask = 2147483647;
			files = (
				1ACCC8CE1B6A0C9B00AA9CDC /* AppDelegate.m in Sources */,
				1ACCC8ED1B6A0CBB00AA9CDC /* NextViewController.m in Sources */,
				3A8AF3EF1B737EB800C90EA3 /* Person.m in Sources */,
				1ACCC8CB1B6A0C9B00AA9CDC /* main.m in Sources */,
				1ACCC8EA1B6A0CB200AA9CDC /* RootViewController.m in Sources */,
			);
			runOnlyForDeploymentPostprocessing = 0;
		};
		1ACCC8D41B6A0C9B00AA9CDC /* Sources */ = {
			isa = PBXSourcesBuildPhase;
			buildActionMask = 2147483647;
			files = (
				1ACCC8DF1B6A0C9B00AA9CDC /* _________block_Tests.m in Sources */,
			);
			runOnlyForDeploymentPostprocessing = 0;
		};
/* End PBXSourcesBuildPhase section */

/* Begin PBXTargetDependency section */
		1ACCC8DA1B6A0C9B00AA9CDC /* PBXTargetDependency */ = {
			isa = PBXTargetDependency;
			target = 1ACCC8C41B6A0C9B00AA9CDC /* 6.视图反向传值(block) */;
			targetProxy = 1ACCC8D91B6A0C9B00AA9CDC /* PBXContainerItemProxy */;
		};
/* End PBXTargetDependency section */

/* Begin PBXVariantGroup section */
		1ACCC8D11B6A0C9B00AA9CDC /* LaunchScreen.xib */ = {
			isa = PBXVariantGroup;
			children = (
				1ACCC8D21B6A0C9B00AA9CDC /* Base */,
			);
			name = LaunchScreen.xib;
			sourceTree = "<group>";
		};
/* End PBXVariantGroup section */

/* Begin XCBuildConfiguration section */
		1ACCC8E01B6A0C9B00AA9CDC /* Debug */ = {
			isa = XCBuildConfiguration;
			buildSettings = {
				ALWAYS_SEARCH_USER_PATHS = NO;
				CLANG_CXX_LANGUAGE_STANDARD = "gnu++0x";
				CLANG_CXX_LIBRARY = "libc++";
				CLANG_ENABLE_MODULES = YES;
				CLANG_ENABLE_OBJC_ARC = YES;
				CLANG_WARN_BOOL_CONVERSION = YES;
				CLANG_WARN_CONSTANT_CONVERSION = YES;
				CLANG_WARN_DIRECT_OBJC_ISA_USAGE = YES_ERROR;
				CLANG_WARN_EMPTY_BODY = YES;
				CLANG_WARN_ENUM_CONVERSION = YES;
				CLANG_WARN_INT_CONVERSION = YES;
				CLANG_WARN_OBJC_ROOT_CLASS = YES_ERROR;
				CLANG_WARN_UNREACHABLE_CODE = YES;
				CLANG_WARN__DUPLICATE_METHOD_MATCH = YES;
				"CODE_SIGN_IDENTITY[sdk=iphoneos*]" = "iPhone Developer";
				COPY_PHASE_STRIP = NO;
				DEBUG_INFORMATION_FORMAT = "dwarf-with-dsym";
				ENABLE_STRICT_OBJC_MSGSEND = YES;
				GCC_C_LANGUAGE_STANDARD = gnu99;
				GCC_DYNAMIC_NO_PIC = NO;
				GCC_NO_COMMON_BLOCKS = YES;
				GCC_OPTIMIZATION_LEVEL = 0;
				GCC_PREPROCESSOR_DEFINITIONS = (
					"DEBUG=1",
					"$(inherited)",
				);
				GCC_SYMBOLS_PRIVATE_EXTERN = NO;
				GCC_WARN_64_TO_32_BIT_CONVERSION = YES;
				GCC_WARN_ABOUT_RETURN_TYPE = YES_ERROR;
				GCC_WARN_UNDECLARED_SELECTOR = YES;
				GCC_WARN_UNINITIALIZED_AUTOS = YES_AGGRESSIVE;
				GCC_WARN_UNUSED_FUNCTION = YES;
				GCC_WARN_UNUSED_VARIABLE = YES;
				IPHONEOS_DEPLOYMENT_TARGET = 8.4;
				MTL_ENABLE_DEBUG_INFO = YES;
				ONLY_ACTIVE_ARCH = YES;
				SDKROOT = iphoneos;
			};
			name = Debug;
		};
		1ACCC8E11B6A0C9B00AA9CDC /* Release */ = {
			isa = XCBuildConfiguration;
			buildSettings = {
				ALWAYS_SEARCH_USER_PATHS = NO;
				CLANG_CXX_LANGUAGE_STANDARD = "gnu++0x";
				CLANG_CXX_LIBRARY = "libc++";
				CLANG_ENABLE_MODULES = YES;
				CLANG_ENABLE_OBJC_ARC = YES;
				CLANG_WARN_BOOL_CONVERSION = YES;
				CLANG_WARN_CONSTANT_CONVERSION = YES;
				CLANG_WARN_DIRECT_OBJC_ISA_USAGE = YES_ERROR;
				CLANG_WARN_EMPTY_BODY = YES;
				CLANG_WARN_ENUM_CONVERSION = YES;
				CLANG_WARN_INT_CONVERSION = YES;
				CLANG_WARN_OBJC_ROOT_CLASS = YES_ERROR;
				CLANG_WARN_UNREACHABLE_CODE = YES;
				CLANG_WARN__DUPLICATE_METHOD_MATCH = YES;
				"CODE_SIGN_IDENTITY[sdk=iphoneos*]" = "iPhone Developer";
				COPY_PHASE_STRIP = NO;
				DEBUG_INFORMATION_FORMAT = "dwarf-with-dsym";
				ENABLE_NS_ASSERTIONS = NO;
				ENABLE_STRICT_OBJC_MSGSEND = YES;
				GCC_C_LANGUAGE_STANDARD = gnu99;
				GCC_NO_COMMON_BLOCKS = YES;
				GCC_WARN_64_TO_32_BIT_CONVERSION = YES;
				GCC_WARN_ABOUT_RETURN_TYPE = YES_ERROR;
				GCC_WARN_UNDECLARED_SELECTOR = YES;
				GCC_WARN_UNINITIALIZED_AUTOS = YES_AGGRESSIVE;
				GCC_WARN_UNUSED_FUNCTION = YES;
				GCC_WARN_UNUSED_VARIABLE = YES;
				IPHONEOS_DEPLOYMENT_TARGET = 8.4;
				MTL_ENABLE_DEBUG_INFO = NO;
				SDKROOT = iphoneos;
				VALIDATE_PRODUCT = YES;
			};
			name = Release;
		};
		1ACCC8E31B6A0C9B00AA9CDC /* Debug */ = {
			isa = XCBuildConfiguration;
			buildSettings = {
				ASSETCATALOG_COMPILER_APPICON_NAME = AppIcon;
				INFOPLIST_FILE = "6.视图反向传值(block)/Info.plist";
				LD_RUNPATH_SEARCH_PATHS = "$(inherited) @executable_path/Frameworks";
				PRODUCT_NAME = "$(TARGET_NAME)";
			};
			name = Debug;
		};
		1ACCC8E41B6A0C9B00AA9CDC /* Release */ = {
			isa = XCBuildConfiguration;
			buildSettings = {
				ASSETCATALOG_COMPILER_APPICON_NAME = AppIcon;
				INFOPLIST_FILE = "6.视图反向传值(block)/Info.plist";
				LD_RUNPATH_SEARCH_PATHS = "$(inherited) @executable_path/Frameworks";
				PRODUCT_NAME = "$(TARGET_NAME)";
			};
			name = Release;
		};
		1ACCC8E61B6A0C9B00AA9CDC /* Debug */ = {
			isa = XCBuildConfiguration;
			buildSettings = {
				BUNDLE_LOADER = "$(TEST_HOST)";
				FRAMEWORK_SEARCH_PATHS = (
					"$(SDKROOT)/Developer/Library/Frameworks",
					"$(inherited)",
				);
				GCC_PREPROCESSOR_DEFINITIONS = (
					"DEBUG=1",
					"$(inherited)",
				);
				INFOPLIST_FILE = "6.视图反向传值(block)Tests/Info.plist";
				LD_RUNPATH_SEARCH_PATHS = "$(inherited) @executable_path/Frameworks @loader_path/Frameworks";
				PRODUCT_NAME = "$(TARGET_NAME)";
				TEST_HOST = "$(BUILT_PRODUCTS_DIR)/6.视图反向传值(block).app/6.视图反向传值(block)";
			};
			name = Debug;
		};
		1ACCC8E71B6A0C9B00AA9CDC /* Release */ = {
			isa = XCBuildConfiguration;
			buildSettings = {
				BUNDLE_LOADER = "$(TEST_HOST)";
				FRAMEWORK_SEARCH_PATHS = (
					"$(SDKROOT)/Developer/Library/Frameworks",
					"$(inherited)",
				);
				INFOPLIST_FILE = "6.视图反向传值(block)Tests/Info.plist";
				LD_RUNPATH_SEARCH_PATHS = "$(inherited) @executable_path/Frameworks @loader_path/Frameworks";
				PRODUCT_NAME = "$(TARGET_NAME)";
				TEST_HOST = "$(BUILT_PRODUCTS_DIR)/6.视图反向传值(block).app/6.视图反向传值(block)";
			};
			name = Release;
		};
/* End XCBuildConfiguration section */

/* Begin XCConfigurationList section */
		1ACCC8C01B6A0C9B00AA9CDC /* Build configuration list for PBXProject "6.视图反向传值(block)" */ = {
			isa = XCConfigurationList;
			buildConfigurations = (
				1ACCC8E01B6A0C9B00AA9CDC /* Debug */,
				1ACCC8E11B6A0C9B00AA9CDC /* Release */,
			);
			defaultConfigurationIsVisible = 0;
			defaultConfigurationName = Release;
		};
		1ACCC8E21B6A0C9B00AA9CDC /* Build configuration list for PBXNativeTarget "6.视图反向传值(block)" */ = {
			isa = XCConfigurationList;
			buildConfigurations = (
				1ACCC8E31B6A0C9B00AA9CDC /* Debug */,
				1ACCC8E41B6A0C9B00AA9CDC /* Release */,
			);
			defaultConfigurationIsVisible = 0;
			defaultConfigurationName = Release;
		};
		1ACCC8E51B6A0C9B00AA9CDC /* Build configuration list for PBXNativeTarget "6.视图反向传值(block)Tests" */ = {
			isa = XCConfigurationList;
			buildConfigurations = (
				1ACCC8E61B6A0C9B00AA9CDC /* Debug */,
				1ACCC8E71B6A0C9B00AA9CDC /* Release */,
			);
			defaultConfigurationIsVisible = 0;
			defaultConfigurationName = Release;
		};
/* End XCConfigurationList section */
	};
	rootObject = 1ACCC8BD1B6A0C9B00AA9CDC /* Project object */;
}
