// !$*UTF8*$!
{
	archiveVersion = 1;
	classes = {
	};
	objectVersion = 46;
	objects = {

/* Begin PBXBuildFile section */
		3A18EC151B6B09640099AB65 /* main.m in Sources */ = {isa = PBXBuildFile; fileRef = 3A18EC141B6B09640099AB65 /* main.m */; };
		3A18EC181B6B09640099AB65 /* AppDelegate.m in Sources */ = {isa = PBXBuildFile; fileRef = 3A18EC171B6B09640099AB65 /* AppDelegate.m */; };
		3A18EC1A1B6B09640099AB65 /* Images.xcassets in Resources */ = {isa = PBXBuildFile; fileRef = 3A18EC191B6B09640099AB65 /* Images.xcassets */; };
		3A18EC1D1B6B09640099AB65 /* LaunchScreen.xib in Resources */ = {isa = PBXBuildFile; fileRef = 3A18EC1B1B6B09640099AB65 /* LaunchScreen.xib */; };
		3A18EC291B6B09650099AB65 /* UINavigationControllerTests.m in Sources */ = {isa = PBXBuildFile; fileRef = 3A18EC281B6B09650099AB65 /* UINavigationControllerTests.m */; };
		3A18EC341B6B09ED0099AB65 /* RootViewController.m in Sources */ = {isa = PBXBuildFile; fileRef = 3A18EC331B6B09ED0099AB65 /* RootViewController.m */; };
		3A18EC371B6B09F70099AB65 /* SecondViewController.m in Sources */ = {isa = PBXBuildFile; fileRef = 3A18EC361B6B09F70099AB65 /* SecondViewController.m */; };
/* End PBXBuildFile section */

/* Begin PBXContainerItemProxy section */
		3A18EC231B6B09650099AB65 /* PBXContainerItemProxy */ = {
			isa = PBXContainerItemProxy;
			containerPortal = 3A18EC071B6B09640099AB65 /* Project object */;
			proxyType = 1;
			remoteGlobalIDString = 3A18EC0E1B6B09640099AB65;
			remoteInfo = UINavigationController;
		};
/* End PBXContainerItemProxy section */

/* Begin PBXFileReference section */
		3A18EC0F1B6B09640099AB65 /* UINavigationController.app */ = {isa = PBXFileReference; explicitFileType = wrapper.application; includeInIndex = 0; path = UINavigationController.app; sourceTree = BUILT_PRODUCTS_DIR; };
		3A18EC131B6B09640099AB65 /* Info.plist */ = {isa = PBXFileReference; lastKnownFileType = text.plist.xml; path = Info.plist; sourceTree = "<group>"; };
		3A18EC141B6B09640099AB65 /* main.m */ = {isa = PBXFileReference; lastKnownFileType = sourcecode.c.objc; path = main.m; sourceTree = "<group>"; };
		3A18EC161B6B09640099AB65 /* AppDelegate.h */ = {isa = PBXFileReference; lastKnownFileType = sourcecode.c.h; path = AppDelegate.h; sourceTree = "<group>"; };
		3A18EC171B6B09640099AB65 /* AppDelegate.m */ = {isa = PBXFileReference; lastKnownFileType = sourcecode.c.objc; path = AppDelegate.m; sourceTree = "<group>"; };
		3A18EC191B6B09640099AB65 /* Images.xcassets */ = {isa = PBXFileReference; lastKnownFileType = folder.assetcatalog; path = Images.xcassets; sourceTree = "<group>"; };
		3A18EC1C1B6B09640099AB65 /* Base */ = {isa = PBXFileReference; lastKnownFileType = file.xib; name = Base; path = Base.lproj/LaunchScreen.xib; sourceTree = "<group>"; };
		3A18EC221B6B09650099AB65 /* UINavigationControllerTests.xctest */ = {isa = PBXFileReference; explicitFileType = wrapper.cfbundle; includeInIndex = 0; path = UINavigationControllerTests.xctest; sourceTree = BUILT_PRODUCTS_DIR; };
		3A18EC271B6B09650099AB65 /* Info.plist */ = {isa = PBXFileReference; lastKnownFileType = text.plist.xml; path = Info.plist; sourceTree = "<group>"; };
		3A18EC281B6B09650099AB65 /* UINavigationControllerTests.m */ = {isa = PBXFileReference; lastKnownFileType = sourcecode.c.objc; path = UINavigationControllerTests.m; sourceTree = "<group>"; };
		3A18EC321B6B09ED0099AB65 /* RootViewController.h */ = {isa = PBXFileReference; fileEncoding = 4; lastKnownFileType = sourcecode.c.h; path = RootViewController.h; sourceTree = "<group>"; };
		3A18EC331B6B09ED0099AB65 /* RootViewController.m */ = {isa = PBXFileReference; fileEncoding = 4; lastKnownFileType = sourcecode.c.objc; path = RootViewController.m; sourceTree = "<group>"; };
		3A18EC351B6B09F70099AB65 /* SecondViewController.h */ = {isa = PBXFileReference; fileEncoding = 4; lastKnownFileType = sourcecode.c.h; path = SecondViewController.h; sourceTree = "<group>"; };
		3A18EC361B6B09F70099AB65 /* SecondViewController.m */ = {isa = PBXFileReference; fileEncoding = 4; lastKnownFileType = sourcecode.c.objc; path = SecondViewController.m; sourceTree = "<group>"; };
/* End PBXFileReference section */

/* Begin PBXFrameworksBuildPhase section */
		3A18EC0C1B6B09640099AB65 /* Frameworks */ = {
			isa = PBXFrameworksBuildPhase;
			buildActionMask = 2147483647;
			files = (
			);
			runOnlyForDeploymentPostprocessing = 0;
		};
		3A18EC1F1B6B09650099AB65 /* Frameworks */ = {
			isa = PBXFrameworksBuildPhase;
			buildActionMask = 2147483647;
			files = (
			);
			runOnlyForDeploymentPostprocessing = 0;
		};
/* End PBXFrameworksBuildPhase section */

/* Begin PBXGroup section */
		3A18EC061B6B09640099AB65 = {
			isa = PBXGroup;
			children = (
				3A18EC111B6B09640099AB65 /* UINavigationController */,
				3A18EC251B6B09650099AB65 /* UINavigationControllerTests */,
				3A18EC101B6B09640099AB65 /* Products */,
			);
			sourceTree = "<group>";
		};
		3A18EC101B6B09640099AB65 /* Products */ = {
			isa = PBXGroup;
			children = (
				3A18EC0F1B6B09640099AB65 /* UINavigationController.app */,
				3A18EC221B6B09650099AB65 /* UINavigationControllerTests.xctest */,
			);
			name = Products;
			sourceTree = "<group>";
		};
		3A18EC111B6B09640099AB65 /* UINavigationController */ = {
			isa = PBXGroup;
			children = (
				3A18EC161B6B09640099AB65 /* AppDelegate.h */,
				3A18EC171B6B09640099AB65 /* AppDelegate.m */,
				3A18EC321B6B09ED0099AB65 /* RootViewController.h */,
				3A18EC331B6B09ED0099AB65 /* RootViewController.m */,
				3A18EC351B6B09F70099AB65 /* SecondViewController.h */,
				3A18EC361B6B09F70099AB65 /* SecondViewController.m */,
				3A18EC191B6B09640099AB65 /* Images.xcassets */,
				3A18EC1B1B6B09640099AB65 /* LaunchScreen.xib */,
				3A18EC121B6B09640099AB65 /* Supporting Files */,
			);
			path = UINavigationController;
			sourceTree = "<group>";
		};
		3A18EC121B6B09640099AB65 /* Supporting Files */ = {
			isa = PBXGroup;
			children = (
				3A18EC131B6B09640099AB65 /* Info.plist */,
				3A18EC141B6B09640099AB65 /* main.m */,
			);
			name = "Supporting Files";
			sourceTree = "<group>";
		};
		3A18EC251B6B09650099AB65 /* UINavigationControllerTests */ = {
			isa = PBXGroup;
			children = (
				3A18EC281B6B09650099AB65 /* UINavigationControllerTests.m */,
				3A18EC261B6B09650099AB65 /* Supporting Files */,
			);
			path = UINavigationControllerTests;
			sourceTree = "<group>";
		};
		3A18EC261B6B09650099AB65 /* Supporting Files */ = {
			isa = PBXGroup;
			children = (
				3A18EC271B6B09650099AB65 /* Info.plist */,
			);
			name = "Supporting Files";
			sourceTree = "<group>";
		};
/* End PBXGroup section */

/* Begin PBXNativeTarget section */
		3A18EC0E1B6B09640099AB65 /* UINavigationController */ = {
			isa = PBXNativeTarget;
			buildConfigurationList = 3A18EC2C1B6B09650099AB65 /* Build configuration list for PBXNativeTarget "UINavigationController" */;
			buildPhases = (
				3A18EC0B1B6B09640099AB65 /* Sources */,
				3A18EC0C1B6B09640099AB65 /* Frameworks */,
				3A18EC0D1B6B09640099AB65 /* Resources */,
			);
			buildRules = (
			);
			dependencies = (
			);
			name = UINavigationController;
			productName = UINavigationController;
			productReference = 3A18EC0F1B6B09640099AB65 /* UINavigationController.app */;
			productType = "com.apple.product-type.application";
		};
		3A18EC211B6B09650099AB65 /* UINavigationControllerTests */ = {
			isa = PBXNativeTarget;
			buildConfigurationList = 3A18EC2F1B6B09650099AB65 /* Build configuration list for PBXNativeTarget "UINavigationControllerTests" */;
			buildPhases = (
				3A18EC1E1B6B09650099AB65 /* Sources */,
				3A18EC1F1B6B09650099AB65 /* Frameworks */,
				3A18EC201B6B09650099AB65 /* Resources */,
			);
			buildRules = (
			);
			dependencies = (
				3A18EC241B6B09650099AB65 /* PBXTargetDependency */,
			);
			name = UINavigationControllerTests;
			productName = UINavigationControllerTests;
			productReference = 3A18EC221B6B09650099AB65 /* UINavigationControllerTests.xctest */;
			productType = "com.apple.product-type.bundle.unit-test";
		};
/* End PBXNativeTarget section */

/* Begin PBXProject section */
		3A18EC071B6B09640099AB65 /* Project object */ = {
			isa = PBXProject;
			attributes = {
				LastUpgradeCheck = 0640;
				ORGANIZATIONNAME = CaoFeng;
				TargetAttributes = {
					3A18EC0E1B6B09640099AB65 = {
						CreatedOnToolsVersion = 6.4;
					};
					3A18EC211B6B09650099AB65 = {
						CreatedOnToolsVersion = 6.4;
						TestTargetID = 3A18EC0E1B6B09640099AB65;
					};
				};
			};
			buildConfigurationList = 3A18EC0A1B6B09640099AB65 /* Build configuration list for PBXProject "UINavigationController" */;
			compatibilityVersion = "Xcode 3.2";
			developmentRegion = English;
			hasScannedForEncodings = 0;
			knownRegions = (
				en,
				Base,
			);
			mainGroup = 3A18EC061B6B09640099AB65;
			productRefGroup = 3A18EC101B6B09640099AB65 /* Products */;
			projectDirPath = "";
			projectRoot = "";
			targets = (
				3A18EC0E1B6B09640099AB65 /* UINavigationController */,
				3A18EC211B6B09650099AB65 /* UINavigationControllerTests */,
			);
		};
/* End PBXProject section */

/* Begin PBXResourcesBuildPhase section */
		3A18EC0D1B6B09640099AB65 /* Resources */ = {
			isa = PBXResourcesBuildPhase;
			buildActionMask = 2147483647;
			files = (
				3A18EC1D1B6B09640099AB65 /* LaunchScreen.xib in Resources */,
				3A18EC1A1B6B09640099AB65 /* Images.xcassets in Resources */,
			);
			runOnlyForDeploymentPostprocessing = 0;
		};
		3A18EC201B6B09650099AB65 /* Resources */ = {
			isa = PBXResourcesBuildPhase;
			buildActionMask = 2147483647;
			files = (
			);
			runOnlyForDeploymentPostprocessing = 0;
		};
/* End PBXResourcesBuildPhase section */

/* Begin PBXSourcesBuildPhase section */
		3A18EC0B1B6B09640099AB65 /* Sources */ = {
			isa = PBXSourcesBuildPhase;
			buildActionMask = 2147483647;
			files = (
				3A18EC371B6B09F70099AB65 /* SecondViewController.m in Sources */,
				3A18EC181B6B09640099AB65 /* AppDelegate.m in Sources */,
				3A18EC151B6B09640099AB65 /* main.m in Sources */,
				3A18EC341B6B09ED0099AB65 /* RootViewController.m in Sources */,
			);
			runOnlyForDeploymentPostprocessing = 0;
		};
		3A18EC1E1B6B09650099AB65 /* Sources */ = {
			isa = PBXSourcesBuildPhase;
			buildActionMask = 2147483647;
			files = (
				3A18EC291B6B09650099AB65 /* UINavigationControllerTests.m in Sources */,
			);
			runOnlyForDeploymentPostprocessing = 0;
		};
/* End PBXSourcesBuildPhase section */

/* Begin PBXTargetDependency section */
		3A18EC241B6B09650099AB65 /* PBXTargetDependency */ = {
			isa = PBXTargetDependency;
			target = 3A18EC0E1B6B09640099AB65 /* UINavigationController */;
			targetProxy = 3A18EC231B6B09650099AB65 /* PBXContainerItemProxy */;
		};
/* End PBXTargetDependency section */

/* Begin PBXVariantGroup section */
		3A18EC1B1B6B09640099AB65 /* LaunchScreen.xib */ = {
			isa = PBXVariantGroup;
			children = (
				3A18EC1C1B6B09640099AB65 /* Base */,
			);
			name = LaunchScreen.xib;
			sourceTree = "<group>";
		};
/* End PBXVariantGroup section */

/* Begin XCBuildConfiguration section */
		3A18EC2A1B6B09650099AB65 /* Debug */ = {
			isa = XCBuildConfiguration;
			buildSettings = {
				ALWAYS_SEARCH_USER_PATHS = NO;
				CLANG_CXX_LANGUAGE_STANDARD = "gnu++0x";
				CLANG_CXX_LIBRARY = "libc++";
				CLANG_ENABLE_MODULES = YES;
				CLANG_ENABLE_OBJC_ARC = YES;
				CLANG_WARN_BOOL_CONVERSION = YES;
				CLANG_WARN_CONSTANT_CONVERSION = YES;
				CLANG_WARN_DIRECT_OBJC_ISA_USAGE = YES_ERROR;
				CLANG_WARN_EMPTY_BODY = YES;
				CLANG_WARN_ENUM_CONVERSION = YES;
				CLANG_WARN_INT_CONVERSION = YES;
				CLANG_WARN_OBJC_ROOT_CLASS = YES_ERROR;
				CLANG_WARN_UNREACHABLE_CODE = YES;
				CLANG_WARN__DUPLICATE_METHOD_MATCH = YES;
				"CODE_SIGN_IDENTITY[sdk=iphoneos*]" = "iPhone Developer";
				COPY_PHASE_STRIP = NO;
				DEBUG_INFORMATION_FORMAT = "dwarf-with-dsym";
				ENABLE_STRICT_OBJC_MSGSEND = YES;
				GCC_C_LANGUAGE_STANDARD = gnu99;
				GCC_DYNAMIC_NO_PIC = NO;
				GCC_NO_COMMON_BLOCKS = YES;
				GCC_OPTIMIZATION_LEVEL = 0;
				GCC_PREPROCESSOR_DEFINITIONS = (
					"DEBUG=1",
					"$(inherited)",
				);
				GCC_SYMBOLS_PRIVATE_EXTERN = NO;
				GCC_WARN_64_TO_32_BIT_CONVERSION = YES;
				GCC_WARN_ABOUT_RETURN_TYPE = YES_ERROR;
				GCC_WARN_UNDECLARED_SELECTOR = YES;
				GCC_WARN_UNINITIALIZED_AUTOS = YES_AGGRESSIVE;
				GCC_WARN_UNUSED_FUNCTION = YES;
				GCC_WARN_UNUSED_VARIABLE = YES;
				IPHONEOS_DEPLOYMENT_TARGET = 8.4;
				MTL_ENABLE_DEBUG_INFO = YES;
				ONLY_ACTIVE_ARCH = YES;
				SDKROOT = iphoneos;
			};
			name = Debug;
		};
		3A18EC2B1B6B09650099AB65 /* Release */ = {
			isa = XCBuildConfiguration;
			buildSettings = {
				ALWAYS_SEARCH_USER_PATHS = NO;
				CLANG_CXX_LANGUAGE_STANDARD = "gnu++0x";
				CLANG_CXX_LIBRARY = "libc++";
				CLANG_ENABLE_MODULES = YES;
				CLANG_ENABLE_OBJC_ARC = YES;
				CLANG_WARN_BOOL_CONVERSION = YES;
				CLANG_WARN_CONSTANT_CONVERSION = YES;
				CLANG_WARN_DIRECT_OBJC_ISA_USAGE = YES_ERROR;
				CLANG_WARN_EMPTY_BODY = YES;
				CLANG_WARN_ENUM_CONVERSION = YES;
				CLANG_WARN_INT_CONVERSION = YES;
				CLANG_WARN_OBJC_ROOT_CLASS = YES_ERROR;
				CLANG_WARN_UNREACHABLE_CODE = YES;
				CLANG_WARN__DUPLICATE_METHOD_MATCH = YES;
				"CODE_SIGN_IDENTITY[sdk=iphoneos*]" = "iPhone Developer";
				COPY_PHASE_STRIP = NO;
				DEBUG_INFORMATION_FORMAT = "dwarf-with-dsym";
				ENABLE_NS_ASSERTIONS = NO;
				ENABLE_STRICT_OBJC_MSGSEND = YES;
				GCC_C_LANGUAGE_STANDARD = gnu99;
				GCC_NO_COMMON_BLOCKS = YES;
				GCC_WARN_64_TO_32_BIT_CONVERSION = YES;
				GCC_WARN_ABOUT_RETURN_TYPE = YES_ERROR;
				GCC_WARN_UNDECLARED_SELECTOR = YES;
				GCC_WARN_UNINITIALIZED_AUTOS = YES_AGGRESSIVE;
				GCC_WARN_UNUSED_FUNCTION = YES;
				GCC_WARN_UNUSED_VARIABLE = YES;
				IPHONEOS_DEPLOYMENT_TARGET = 8.4;
				MTL_ENABLE_DEBUG_INFO = NO;
				SDKROOT = iphoneos;
				VALIDATE_PRODUCT = YES;
			};
			name = Release;
		};
		3A18EC2D1B6B09650099AB65 /* Debug */ = {
			isa = XCBuildConfiguration;
			buildSettings = {
				ASSETCATALOG_COMPILER_APPICON_NAME = AppIcon;
				INFOPLIST_FILE = UINavigationController/Info.plist;
				LD_RUNPATH_SEARCH_PATHS = "$(inherited) @executable_path/Frameworks";
				PRODUCT_NAME = "$(TARGET_NAME)";
			};
			name = Debug;
		};
		3A18EC2E1B6B09650099AB65 /* Release */ = {
			isa = XCBuildConfiguration;
			buildSettings = {
				ASSETCATALOG_COMPILER_APPICON_NAME = AppIcon;
				INFOPLIST_FILE = UINavigationController/Info.plist;
				LD_RUNPATH_SEARCH_PATHS = "$(inherited) @executable_path/Frameworks";
				PRODUCT_NAME = "$(TARGET_NAME)";
			};
			name = Release;
		};
		3A18EC301B6B09650099AB65 /* Debug */ = {
			isa = XCBuildConfiguration;
			buildSettings = {
				BUNDLE_LOADER = "$(TEST_HOST)";
				FRAMEWORK_SEARCH_PATHS = (
					"$(SDKROOT)/Developer/Library/Frameworks",
					"$(inherited)",
				);
				GCC_PREPROCESSOR_DEFINITIONS = (
					"DEBUG=1",
					"$(inherited)",
				);
				INFOPLIST_FILE = UINavigationControllerTests/Info.plist;
				LD_RUNPATH_SEARCH_PATHS = "$(inherited) @executable_path/Frameworks @loader_path/Frameworks";
				PRODUCT_NAME = "$(TARGET_NAME)";
				TEST_HOST = "$(BUILT_PRODUCTS_DIR)/UINavigationController.app/UINavigationController";
			};
			name = Debug;
		};
		3A18EC311B6B09650099AB65 /* Release */ = {
			isa = XCBuildConfiguration;
			buildSettings = {
				BUNDLE_LOADER = "$(TEST_HOST)";
				FRAMEWORK_SEARCH_PATHS = (
					"$(SDKROOT)/Developer/Library/Frameworks",
					"$(inherited)",
				);
				INFOPLIST_FILE = UINavigationControllerTests/Info.plist;
				LD_RUNPATH_SEARCH_PATHS = "$(inherited) @executable_path/Frameworks @loader_path/Frameworks";
				PRODUCT_NAME = "$(TARGET_NAME)";
				TEST_HOST = "$(BUILT_PRODUCTS_DIR)/UINavigationController.app/UINavigationController";
			};
			name = Release;
		};
/* End XCBuildConfiguration section */

/* Begin XCConfigurationList section */
		3A18EC0A1B6B09640099AB65 /* Build configuration list for PBXProject "UINavigationController" */ = {
			isa = XCConfigurationList;
			buildConfigurations = (
				3A18EC2A1B6B09650099AB65 /* Debug */,
				3A18EC2B1B6B09650099AB65 /* Release */,
			);
			defaultConfigurationIsVisible = 0;
			defaultConfigurationName = Release;
		};
		3A18EC2C1B6B09650099AB65 /* Build configuration list for PBXNativeTarget "UINavigationController" */ = {
			isa = XCConfigurationList;
			buildConfigurations = (
				3A18EC2D1B6B09650099AB65 /* Debug */,
				3A18EC2E1B6B09650099AB65 /* Release */,
			);
			defaultConfigurationIsVisible = 0;
		};
		3A18EC2F1B6B09650099AB65 /* Build configuration list for PBXNativeTarget "UINavigationControllerTests" */ = {
			isa = XCConfigurationList;
			buildConfigurations = (
				3A18EC301B6B09650099AB65 /* Debug */,
				3A18EC311B6B09650099AB65 /* Release */,
			);
			defaultConfigurationIsVisible = 0;
		};
/* End XCConfigurationList section */
	};
	rootObject = 3A18EC071B6B09640099AB65 /* Project object */;
}
